{
  "lockfileVersion": 1,
  "workspaces": {
    "": {
      "name": "rim-def",
      "dependencies": {
        "fast-xml-parser": "^4.5.1",
      },
      "devDependencies": {
        "@types/node": "^22.10.2",
        "typescript": "^5.7.2",
      },
    },
  },
  "packages": {
    "@types/node": ["@types/node@22.15.32", "", { "dependencies": { "undici-types": "~6.21.0" } }, "sha512-3jigKqgSjsH6gYZv2nEsqdXfZqIFGAV36XYYjf9KGZ3PSG+IhLecqPnI310RvjutyMwifE2hhhNEklOUrvx/wA=="],

    "fast-xml-parser": ["fast-xml-parser@4.5.3", "", { "dependencies": { "strnum": "^1.1.1" }, "bin": { "fxparser": "src/cli/cli.js" } }, "sha512-RKihhV+SHsIUGXObeVy9AXiBbFwkVk7Syp8XgwN5U3JV416+Gwp/GO9i0JYKmikykgz/UHRrrV4ROuZEo/T0ig=="],

    "strnum": ["strnum@1.1.2", "", {}, "sha512-vrN+B7DBIoTTZjnPNewwhx6cBA/H+IS7rfW68n7XxC1y7uoiGQBxaKzqucGUgavX15dJgiGztLJ8vxuEzwqBdA=="],

    "typescript": ["typescript@5.8.3", "", { "bin": { "tsc": "bin/tsc", "tsserver": "bin/tsserver" } }, "sha512-p1diW6TqL9L07nNxvRMM7hMMw4c5XOo/1ibL4aAIGmSAt9slTE1Xgw5KWuof2uTOvCg9BY7ZRi+GaF+7sfgPeQ=="],

    "undici-types": ["undici-types@6.21.0", "", {}, "sha512-iwDZqg0QAGrg9Rav5H4n0M64c3mkR59cJ6wQp+7C4nI0gsmExaedaYLNO44eT4AtBBwjbTiGPMlt2Md0T9H9JQ=="],
  }
}
